{
    "_meta": {
        "hash": {
            "sha256": "923b948e8677e4b79c190bc5b17f93d98b22436a80f4a904ad61f2e2102c5bc2"
        },
        "pipfile-spec": 6,
        "requires": {
            "python_version": "3.6"
        },
        "sources": [
            {
                "name": "pypi",
                "url": "https://pypi.org/simple",
                "verify_ssl": true
            }
        ]
    },
    "default": {
        "markdown": {
            "hashes": [
                "sha256:80f44d67c4f34db6ae8210a7194c7335923744181b6240e06d67479478eb7bb9",
                "sha256:b853a125f03db3f2fdbcbc96fb738f2a7f2cdabc3f1262a4d89121c6ce1bd7e3"
            ],
            "index": "pypi",
            "version": "==3.0.0"
        }
    },
    "develop": {}
}
